
Microsoft Visual Studio Solution File, Format Version 12.00
# Visual Studio Version 17
VisualStudioVersion = 17.5.33209.295
MinimumVisualStudioVersion = 10.0.40219.1
Project("{FAE04EC0-301F-11D3-BF4B-00C04F79EFBC}") = "ElizarovTest", "ElizarovTest\ElizarovTest.csproj", "{F5D46C85-1DC5-49F6-93DF-7957CCCE6811}"
EndProject
Global
	GlobalSection(SolutionConfigurationPlatforms) = preSolution
		Debug|Any CPU = Debug|Any CPU
		Release|Any CPU = Release|Any CPU
	EndGlobalSection
	GlobalSection(ProjectConfigurationPlatforms) = postSolution
		{F5D46C85-1DC5-49F6-93DF-7957CCCE6811}.Debug|Any CPU.ActiveCfg = Debug|Any CPU
		{F5D46C85-1DC5-49F6-93DF-7957CCCE6811}.Debug|Any CPU.Build.0 = Debug|Any CPU
		{F5D46C85-1DC5-49F6-93DF-7957CCCE6811}.Release|Any CPU.ActiveCfg = Release|Any CPU
		{F5D46C85-1DC5-49F6-93DF-7957CCCE6811}.Release|Any CPU.Build.0 = Release|Any CPU
	EndGlobalSection
	GlobalSection(SolutionProperties) = preSolution
		HideSolutionNode = FALSE
	EndGlobalSection
	GlobalSection(ExtensibilityGlobals) = postSolution
		SolutionGuid = {C83B7A23-74AF-4BEE-8FCE-D7197DDAF0ED}
	EndGlobalSection
EndGlobal
